// !$*UTF8*$!
{
	archiveVersion = 1;
	classes = {
	};
	objectVersion = 56;
	objects = {

/* Begin PBXBuildFile section */
		9804875E2B65274C00B88519 /* CategoryCollectionViewCell.swift in Sources */ = {isa = PBXBuildFile; fileRef = 9804875D2B65274C00B88519 /* CategoryCollectionViewCell.swift */; };
		980487602B652A2F00B88519 /* CategoryCollectionView.swift in Sources */ = {isa = PBXBuildFile; fileRef = 9804875F2B652A2F00B88519 /* CategoryCollectionView.swift */; };
		980487632B652E4D00B88519 /* CategoryData.swift in Sources */ = {isa = PBXBuildFile; fileRef = 980487622B652E4D00B88519 /* CategoryData.swift */; };
		9808EB172BB2FB8000D782B6 /* Animation - 1711457021878.json in Resources */ = {isa = PBXBuildFile; fileRef = 9808EB162BB2FB8000D782B6 /* Animation - 1711457021878.json */; };
		980BA7312B600A3800AD97E7 /* RegisterViewModel.swift in Sources */ = {isa = PBXBuildFile; fileRef = 980BA7302B600A3800AD97E7 /* RegisterViewModel.swift */; };
		98127D4F2B7264AF0022285F /* DummyRecipeView.swift in Sources */ = {isa = PBXBuildFile; fileRef = 98127D4E2B7264AF0022285F /* DummyRecipeView.swift */; };
		9814711B2BBAF8490070552E /* RecipeItemTableViewCell.swift in Sources */ = {isa = PBXBuildFile; fileRef = 9814711A2BBAF8490070552E /* RecipeItemTableViewCell.swift */; };
		981838332B66B48200F13797 /* WheelViewWrapper.swift in Sources */ = {isa = PBXBuildFile; fileRef = 981838322B66B48200F13797 /* WheelViewWrapper.swift */; };
		981838362B66EAD300F13797 /* RecipeView.swift in Sources */ = {isa = PBXBuildFile; fileRef = 981838352B66EAD300F13797 /* RecipeView.swift */; };
		9826E1952BD416BB00B3FCDD /* FavoritesViewControllerRepresentable.swift in Sources */ = {isa = PBXBuildFile; fileRef = 9826E1942BD416BB00B3FCDD /* FavoritesViewControllerRepresentable.swift */; };
		982DDEF22BC323B400D54477 /* ProfileView.swift in Sources */ = {isa = PBXBuildFile; fileRef = 982DDEF12BC323B400D54477 /* ProfileView.swift */; };
		98338BC32BAC8CFF004E950A /* OriginalRecipeViewController.swift in Sources */ = {isa = PBXBuildFile; fileRef = 98338BC22BAC8CFF004E950A /* OriginalRecipeViewController.swift */; };
		984019AA2B6802060025D5D3 /* spinning_sound.mp3 in Resources */ = {isa = PBXBuildFile; fileRef = 984019A92B6802060025D5D3 /* spinning_sound.mp3 */; };
		984019BB2B692D500025D5D3 /* RecipeDetailView.swift in Sources */ = {isa = PBXBuildFile; fileRef = 984019BA2B692D500025D5D3 /* RecipeDetailView.swift */; };
		984019BD2B692D8B0025D5D3 /* ProductView.swift in Sources */ = {isa = PBXBuildFile; fileRef = 984019BC2B692D8B0025D5D3 /* ProductView.swift */; };
		984019BF2B692D9F0025D5D3 /* IngredientCellView.swift in Sources */ = {isa = PBXBuildFile; fileRef = 984019BE2B692D9F0025D5D3 /* IngredientCellView.swift */; };
		984019C32B692DC80025D5D3 /* ProgressBarView.swift in Sources */ = {isa = PBXBuildFile; fileRef = 984019C22B692DC80025D5D3 /* ProgressBarView.swift */; };
		984019C92B692E280025D5D3 /* PickerView.swift in Sources */ = {isa = PBXBuildFile; fileRef = 984019C82B692E280025D5D3 /* PickerView.swift */; };
		984019CC2B6931320025D5D3 /* RecipeDetailViewModel.swift in Sources */ = {isa = PBXBuildFile; fileRef = 984019CB2B6931320025D5D3 /* RecipeDetailViewModel.swift */; };
		984061952B5C5C7D00A6BFAF /* NavigationCoordinator.swift in Sources */ = {isa = PBXBuildFile; fileRef = 984061942B5C5C7D00A6BFAF /* NavigationCoordinator.swift */; };
		9840619D2B5C5DA600A6BFAF /* LoginViewController.swift in Sources */ = {isa = PBXBuildFile; fileRef = 9840619C2B5C5DA600A6BFAF /* LoginViewController.swift */; };
		9840619F2B5C5DC100A6BFAF /* RegisterViewController.swift in Sources */ = {isa = PBXBuildFile; fileRef = 9840619E2B5C5DC100A6BFAF /* RegisterViewController.swift */; };
		986D97B82BB48F3600AE20F5 /* Animation - 1711560559742.json in Resources */ = {isa = PBXBuildFile; fileRef = 986D97B72BB48F3600AE20F5 /* Animation - 1711560559742.json */; };
		9875967C2BDC342400F76EEE /* RecipeSearchBar.swift in Sources */ = {isa = PBXBuildFile; fileRef = 9875967B2BDC342400F76EEE /* RecipeSearchBar.swift */; };
		988DE7D72B5D2C0900FA0ABC /* GoogleService-Info.plist in Resources */ = {isa = PBXBuildFile; fileRef = 988DE7D62B5D2C0900FA0ABC /* GoogleService-Info.plist */; };
		988DE7E62B5D2D3200FA0ABC /* FirebaseAuth in Frameworks */ = {isa = PBXBuildFile; productRef = 988DE7E52B5D2D3200FA0ABC /* FirebaseAuth */; };
		988DE7F22B5D2D3200FA0ABC /* FirebaseFirestore in Frameworks */ = {isa = PBXBuildFile; productRef = 988DE7F12B5D2D3200FA0ABC /* FirebaseFirestore */; };
		988DE7F62B5D2D3200FA0ABC /* FirebaseFirestoreSwift in Frameworks */ = {isa = PBXBuildFile; productRef = 988DE7F52B5D2D3200FA0ABC /* FirebaseFirestoreSwift */; };
		988DE80C2B5D2D3200FA0ABC /* FirebaseStorage in Frameworks */ = {isa = PBXBuildFile; productRef = 988DE80B2B5D2D3200FA0ABC /* FirebaseStorage */; };
		988DE8112B5D2EC200FA0ABC /* FirebaseAnalytics in Frameworks */ = {isa = PBXBuildFile; productRef = 988DE8102B5D2EC200FA0ABC /* FirebaseAnalytics */; };
		988DE8132B5D2ED500FA0ABC /* FirebaseAnalyticsSwift in Frameworks */ = {isa = PBXBuildFile; productRef = 988DE8122B5D2ED500FA0ABC /* FirebaseAnalyticsSwift */; };
		988DE8152B5D323300FA0ABC /* AuthService.swift in Sources */ = {isa = PBXBuildFile; fileRef = 988DE8142B5D323300FA0ABC /* AuthService.swift */; };
		988DE8182B5D335600FA0ABC /* RegisterUserRequest.swift in Sources */ = {isa = PBXBuildFile; fileRef = 988DE8172B5D335600FA0ABC /* RegisterUserRequest.swift */; };
		988DE81A2B5D402C00FA0ABC /* LoginUserRequest.swift in Sources */ = {isa = PBXBuildFile; fileRef = 988DE8192B5D402C00FA0ABC /* LoginUserRequest.swift */; };
		988DE81C2B5D439500FA0ABC /* Validator.swift in Sources */ = {isa = PBXBuildFile; fileRef = 988DE81B2B5D439500FA0ABC /* Validator.swift */; };
		988DE8202B5D87A000FA0ABC /* LoginViewModel.swift in Sources */ = {isa = PBXBuildFile; fileRef = 988DE81F2B5D87A000FA0ABC /* LoginViewModel.swift */; };
		98960F692B7798B500667BA2 /* TabBarController.swift in Sources */ = {isa = PBXBuildFile; fileRef = 98960F682B7798B500667BA2 /* TabBarController.swift */; };
		98960F6B2B77AE7900667BA2 /* PersistanceManager.swift in Sources */ = {isa = PBXBuildFile; fileRef = 98960F6A2B77AE7900667BA2 /* PersistanceManager.swift */; };
		98A5658A2BAF4450009BC302 /* UserManager.swift in Sources */ = {isa = PBXBuildFile; fileRef = 98A565892BAF4450009BC302 /* UserManager.swift */; };
		98A9DB2D2BC9950500972814 /* ShoppingListViewModel.swift in Sources */ = {isa = PBXBuildFile; fileRef = 98A9DB2C2BC9950500972814 /* ShoppingListViewModel.swift */; };
		98ABC0602BB2AF1D00AFC695 /* OriginalRecipeDetailView.swift in Sources */ = {isa = PBXBuildFile; fileRef = 98ABC05F2BB2AF1D00AFC695 /* OriginalRecipeDetailView.swift */; };
		98AE16212B5981CF00AF5528 /* AppDelegate.swift in Sources */ = {isa = PBXBuildFile; fileRef = 98AE16202B5981CF00AF5528 /* AppDelegate.swift */; };
		98AE16232B5981CF00AF5528 /* SceneDelegate.swift in Sources */ = {isa = PBXBuildFile; fileRef = 98AE16222B5981CF00AF5528 /* SceneDelegate.swift */; };
		98AE16252B5981CF00AF5528 /* HomeViewController.swift in Sources */ = {isa = PBXBuildFile; fileRef = 98AE16242B5981CF00AF5528 /* HomeViewController.swift */; };
		98AE162A2B5981D100AF5528 /* Assets.xcassets in Resources */ = {isa = PBXBuildFile; fileRef = 98AE16292B5981D100AF5528 /* Assets.xcassets */; };
		98AE162D2B5981D100AF5528 /* LaunchScreen.storyboard in Resources */ = {isa = PBXBuildFile; fileRef = 98AE162B2B5981D100AF5528 /* LaunchScreen.storyboard */; };
		98AE16352B59821500AF5528 /* FavoritesViewController.swift in Sources */ = {isa = PBXBuildFile; fileRef = 98AE16342B59821500AF5528 /* FavoritesViewController.swift */; };
		98AE16372B59822100AF5528 /* CategoryViewController.swift in Sources */ = {isa = PBXBuildFile; fileRef = 98AE16362B59822100AF5528 /* CategoryViewController.swift */; };
		98AE16392B59822E00AF5528 /* GenerateRecipeViewController.swift in Sources */ = {isa = PBXBuildFile; fileRef = 98AE16382B59822E00AF5528 /* GenerateRecipeViewController.swift */; };
		98B0992C2BB047730051E8C3 /* OriginalRecipeCell.swift in Sources */ = {isa = PBXBuildFile; fileRef = 98B0992B2BB047730051E8C3 /* OriginalRecipeCell.swift */; };
		98C152BE2B62C96E0028E72C /* RecipeModel.swift in Sources */ = {isa = PBXBuildFile; fileRef = 98C152BD2B62C96E0028E72C /* RecipeModel.swift */; };
		98C952732BAC52020011666C /* OriginalRecipeView.swift in Sources */ = {isa = PBXBuildFile; fileRef = 98C952722BAC52020011666C /* OriginalRecipeView.swift */; };
		98C952752BAC638F0011666C /* OriginalRecipeViewModel.swift in Sources */ = {isa = PBXBuildFile; fileRef = 98C952742BAC638F0011666C /* OriginalRecipeViewModel.swift */; };
		98C9527B2BAC6D6F0011666C /* buttonView.swift in Sources */ = {isa = PBXBuildFile; fileRef = 98C9527A2BAC6D6F0011666C /* buttonView.swift */; };
		98C9527D2BAC71B10011666C /* imagePicker.swift in Sources */ = {isa = PBXBuildFile; fileRef = 98C9527C2BAC71B10011666C /* imagePicker.swift */; };
		98CB2FAA2B6E480700DCC083 /* RecipeCollectionView.swift in Sources */ = {isa = PBXBuildFile; fileRef = 98CB2FA92B6E480700DCC083 /* RecipeCollectionView.swift */; };
		98D26B342B71260300BAA30B /* CategoryViewModel.swift in Sources */ = {isa = PBXBuildFile; fileRef = 98D26B332B71260300BAA30B /* CategoryViewModel.swift */; };
		98D26B362B71269900BAA30B /* CategoryRecipeTableView.swift in Sources */ = {isa = PBXBuildFile; fileRef = 98D26B352B71269900BAA30B /* CategoryRecipeTableView.swift */; };
		98D26B382B71271B00BAA30B /* CategoryRecipeViewController.swift in Sources */ = {isa = PBXBuildFile; fileRef = 98D26B372B71271B00BAA30B /* CategoryRecipeViewController.swift */; };
		98D26B3A2B716EEE00BAA30B /* Configuration.swift in Sources */ = {isa = PBXBuildFile; fileRef = 98D26B392B716EEE00BAA30B /* Configuration.swift */; };
		98D2DFE22B5AE0BE0062B36C /* RAButton.swift in Sources */ = {isa = PBXBuildFile; fileRef = 98D2DFE12B5AE0BE0062B36C /* RAButton.swift */; };
		98D2DFE52B5AE1510062B36C /* RATextField.swift in Sources */ = {isa = PBXBuildFile; fileRef = 98D2DFE42B5AE1510062B36C /* RATextField.swift */; };
		98D2DFE72B5AE16E0062B36C /* RATitleLabel.swift in Sources */ = {isa = PBXBuildFile; fileRef = 98D2DFE62B5AE16E0062B36C /* RATitleLabel.swift */; };
		98D2DFE92B5AE1850062B36C /* RABodyLabel.swift in Sources */ = {isa = PBXBuildFile; fileRef = 98D2DFE82B5AE1850062B36C /* RABodyLabel.swift */; };
		98D2DFEB2B5AE1BC0062B36C /* RAAlertView.swift in Sources */ = {isa = PBXBuildFile; fileRef = 98D2DFEA2B5AE1BC0062B36C /* RAAlertView.swift */; };
		98D43DDC2B61889D00507EAD /* HomeViewModel.swift in Sources */ = {isa = PBXBuildFile; fileRef = 98D43DDB2B61889D00507EAD /* HomeViewModel.swift */; };
		98D43DDE2B6188FD00507EAD /* RecipeItemCollectionViewCell.swift in Sources */ = {isa = PBXBuildFile; fileRef = 98D43DDD2B6188FD00507EAD /* RecipeItemCollectionViewCell.swift */; };
		98D43DE52B6194A500507EAD /* NetworkLayer in Frameworks */ = {isa = PBXBuildFile; productRef = 98D43DE42B6194A500507EAD /* NetworkLayer */; };
		98D8868F2BC087BA00DAC6D4 /* ShoppingListView.swift in Sources */ = {isa = PBXBuildFile; fileRef = 98D8868E2BC087BA00DAC6D4 /* ShoppingListView.swift */; };
		98E4E1F12B9233EB00683A11 /* Lottie in Frameworks */ = {isa = PBXBuildFile; productRef = 98E4E1F02B9233EB00683A11 /* Lottie */; };
		98E4E1F32B9238B800683A11 /* EmptyStateViewController.swift in Sources */ = {isa = PBXBuildFile; fileRef = 98E4E1F22B9238B800683A11 /* EmptyStateViewController.swift */; };
		98E4E1F52B92392300683A11 /* Animation - 1709293040117.json in Resources */ = {isa = PBXBuildFile; fileRef = 98E4E1F42B92392300683A11 /* Animation - 1709293040117.json */; };
		98EB0EBD2B719B6C001748AA /* DummyData.swift in Sources */ = {isa = PBXBuildFile; fileRef = 98EB0EBC2B719B6C001748AA /* DummyData.swift */; };
		98F669112B6A40C8009FF1EF /* StepsView.swift in Sources */ = {isa = PBXBuildFile; fileRef = 98F669102B6A40C8009FF1EF /* StepsView.swift */; };
		98F669192B6AB1D7009FF1EF /* FavoriteRecipesCollectionView.swift in Sources */ = {isa = PBXBuildFile; fileRef = 98F669182B6AB1D7009FF1EF /* FavoriteRecipesCollectionView.swift */; };
		98F826102B7419F5001FAFF4 /* OnboardingViewWrapper.swift in Sources */ = {isa = PBXBuildFile; fileRef = 98F8260F2B7419F5001FAFF4 /* OnboardingViewWrapper.swift */; };
		98F826122B741A26001FAFF4 /* OnboardingView.swift in Sources */ = {isa = PBXBuildFile; fileRef = 98F826112B741A26001FAFF4 /* OnboardingView.swift */; };
		98F826142B741A56001FAFF4 /* ScreenView.swift in Sources */ = {isa = PBXBuildFile; fileRef = 98F826132B741A56001FAFF4 /* ScreenView.swift */; };
		98F826162B741AB0001FAFF4 /* PageView.swift in Sources */ = {isa = PBXBuildFile; fileRef = 98F826152B741AB0001FAFF4 /* PageView.swift */; };
		98F826182B741B2B001FAFF4 /* OnboardingButton.swift in Sources */ = {isa = PBXBuildFile; fileRef = 98F826172B741B2B001FAFF4 /* OnboardingButton.swift */; };
/* End PBXBuildFile section */

/* Begin PBXFileReference section */
		9804875D2B65274C00B88519 /* CategoryCollectionViewCell.swift */ = {isa = PBXFileReference; lastKnownFileType = sourcecode.swift; path = CategoryCollectionViewCell.swift; sourceTree = "<group>"; };
		9804875F2B652A2F00B88519 /* CategoryCollectionView.swift */ = {isa = PBXFileReference; lastKnownFileType = sourcecode.swift; path = CategoryCollectionView.swift; sourceTree = "<group>"; };
		980487622B652E4D00B88519 /* CategoryData.swift */ = {isa = PBXFileReference; lastKnownFileType = sourcecode.swift; path = CategoryData.swift; sourceTree = "<group>"; };
		9808EB162BB2FB8000D782B6 /* Animation - 1711457021878.json */ = {isa = PBXFileReference; fileEncoding = 4; lastKnownFileType = text.json; path = "Animation - 1711457021878.json"; sourceTree = "<group>"; };
		980BA7302B600A3800AD97E7 /* RegisterViewModel.swift */ = {isa = PBXFileReference; lastKnownFileType = sourcecode.swift; path = RegisterViewModel.swift; sourceTree = "<group>"; };
		98127D4E2B7264AF0022285F /* DummyRecipeView.swift */ = {isa = PBXFileReference; lastKnownFileType = sourcecode.swift; path = DummyRecipeView.swift; sourceTree = "<group>"; };
		9814711A2BBAF8490070552E /* RecipeItemTableViewCell.swift */ = {isa = PBXFileReference; lastKnownFileType = sourcecode.swift; path = RecipeItemTableViewCell.swift; sourceTree = "<group>"; };
		981838322B66B48200F13797 /* WheelViewWrapper.swift */ = {isa = PBXFileReference; lastKnownFileType = sourcecode.swift; path = WheelViewWrapper.swift; sourceTree = "<group>"; };
		981838352B66EAD300F13797 /* RecipeView.swift */ = {isa = PBXFileReference; lastKnownFileType = sourcecode.swift; path = RecipeView.swift; sourceTree = "<group>"; };
		9826E1942BD416BB00B3FCDD /* FavoritesViewControllerRepresentable.swift */ = {isa = PBXFileReference; lastKnownFileType = sourcecode.swift; path = FavoritesViewControllerRepresentable.swift; sourceTree = "<group>"; };
		982DDEF12BC323B400D54477 /* ProfileView.swift */ = {isa = PBXFileReference; lastKnownFileType = sourcecode.swift; path = ProfileView.swift; sourceTree = "<group>"; };
		98338BC22BAC8CFF004E950A /* OriginalRecipeViewController.swift */ = {isa = PBXFileReference; lastKnownFileType = sourcecode.swift; path = OriginalRecipeViewController.swift; sourceTree = "<group>"; };
		984019A92B6802060025D5D3 /* spinning_sound.mp3 */ = {isa = PBXFileReference; lastKnownFileType = audio.mp3; path = spinning_sound.mp3; sourceTree = "<group>"; };
		984019BA2B692D500025D5D3 /* RecipeDetailView.swift */ = {isa = PBXFileReference; lastKnownFileType = sourcecode.swift; path = RecipeDetailView.swift; sourceTree = "<group>"; };
		984019BC2B692D8B0025D5D3 /* ProductView.swift */ = {isa = PBXFileReference; lastKnownFileType = sourcecode.swift; path = ProductView.swift; sourceTree = "<group>"; };
		984019BE2B692D9F0025D5D3 /* IngredientCellView.swift */ = {isa = PBXFileReference; lastKnownFileType = sourcecode.swift; path = IngredientCellView.swift; sourceTree = "<group>"; };
		984019C22B692DC80025D5D3 /* ProgressBarView.swift */ = {isa = PBXFileReference; lastKnownFileType = sourcecode.swift; path = ProgressBarView.swift; sourceTree = "<group>"; };
		984019C82B692E280025D5D3 /* PickerView.swift */ = {isa = PBXFileReference; lastKnownFileType = sourcecode.swift; path = PickerView.swift; sourceTree = "<group>"; };
		984019CB2B6931320025D5D3 /* RecipeDetailViewModel.swift */ = {isa = PBXFileReference; lastKnownFileType = sourcecode.swift; path = RecipeDetailViewModel.swift; sourceTree = "<group>"; };
		984061942B5C5C7D00A6BFAF /* NavigationCoordinator.swift */ = {isa = PBXFileReference; lastKnownFileType = sourcecode.swift; path = NavigationCoordinator.swift; sourceTree = "<group>"; };
		9840619C2B5C5DA600A6BFAF /* LoginViewController.swift */ = {isa = PBXFileReference; lastKnownFileType = sourcecode.swift; path = LoginViewController.swift; sourceTree = "<group>"; };
		9840619E2B5C5DC100A6BFAF /* RegisterViewController.swift */ = {isa = PBXFileReference; lastKnownFileType = sourcecode.swift; path = RegisterViewController.swift; sourceTree = "<group>"; };
		986D97B72BB48F3600AE20F5 /* Animation - 1711560559742.json */ = {isa = PBXFileReference; fileEncoding = 4; lastKnownFileType = text.json; path = "Animation - 1711560559742.json"; sourceTree = "<group>"; };
		9875967B2BDC342400F76EEE /* RecipeSearchBar.swift */ = {isa = PBXFileReference; lastKnownFileType = sourcecode.swift; path = RecipeSearchBar.swift; sourceTree = "<group>"; };
		988DE7D62B5D2C0900FA0ABC /* GoogleService-Info.plist */ = {isa = PBXFileReference; fileEncoding = 4; lastKnownFileType = text.plist.xml; path = "GoogleService-Info.plist"; sourceTree = "<group>"; };
		988DE8142B5D323300FA0ABC /* AuthService.swift */ = {isa = PBXFileReference; lastKnownFileType = sourcecode.swift; path = AuthService.swift; sourceTree = "<group>"; };
		988DE8172B5D335600FA0ABC /* RegisterUserRequest.swift */ = {isa = PBXFileReference; lastKnownFileType = sourcecode.swift; path = RegisterUserRequest.swift; sourceTree = "<group>"; };
		988DE8192B5D402C00FA0ABC /* LoginUserRequest.swift */ = {isa = PBXFileReference; lastKnownFileType = sourcecode.swift; path = LoginUserRequest.swift; sourceTree = "<group>"; };
		988DE81B2B5D439500FA0ABC /* Validator.swift */ = {isa = PBXFileReference; lastKnownFileType = sourcecode.swift; path = Validator.swift; sourceTree = "<group>"; };
		988DE81F2B5D87A000FA0ABC /* LoginViewModel.swift */ = {isa = PBXFileReference; lastKnownFileType = sourcecode.swift; path = LoginViewModel.swift; sourceTree = "<group>"; };
		98960F682B7798B500667BA2 /* TabBarController.swift */ = {isa = PBXFileReference; lastKnownFileType = sourcecode.swift; path = TabBarController.swift; sourceTree = "<group>"; };
		98960F6A2B77AE7900667BA2 /* PersistanceManager.swift */ = {isa = PBXFileReference; lastKnownFileType = sourcecode.swift; path = PersistanceManager.swift; sourceTree = "<group>"; };
		98A565892BAF4450009BC302 /* UserManager.swift */ = {isa = PBXFileReference; lastKnownFileType = sourcecode.swift; path = UserManager.swift; sourceTree = "<group>"; };
		98A9DB2C2BC9950500972814 /* ShoppingListViewModel.swift */ = {isa = PBXFileReference; lastKnownFileType = sourcecode.swift; path = ShoppingListViewModel.swift; sourceTree = "<group>"; };
		98ABC05F2BB2AF1D00AFC695 /* OriginalRecipeDetailView.swift */ = {isa = PBXFileReference; lastKnownFileType = sourcecode.swift; path = OriginalRecipeDetailView.swift; sourceTree = "<group>"; };
		98AE161D2B5981CF00AF5528 /* RecipeApplication.app */ = {isa = PBXFileReference; explicitFileType = wrapper.application; includeInIndex = 0; path = RecipeApplication.app; sourceTree = BUILT_PRODUCTS_DIR; };
		98AE16202B5981CF00AF5528 /* AppDelegate.swift */ = {isa = PBXFileReference; lastKnownFileType = sourcecode.swift; path = AppDelegate.swift; sourceTree = "<group>"; };
		98AE16222B5981CF00AF5528 /* SceneDelegate.swift */ = {isa = PBXFileReference; lastKnownFileType = sourcecode.swift; path = SceneDelegate.swift; sourceTree = "<group>"; };
		98AE16242B5981CF00AF5528 /* HomeViewController.swift */ = {isa = PBXFileReference; lastKnownFileType = sourcecode.swift; path = HomeViewController.swift; sourceTree = "<group>"; };
		98AE16292B5981D100AF5528 /* Assets.xcassets */ = {isa = PBXFileReference; lastKnownFileType = folder.assetcatalog; path = Assets.xcassets; sourceTree = "<group>"; };
		98AE162C2B5981D100AF5528 /* Base */ = {isa = PBXFileReference; lastKnownFileType = file.storyboard; name = Base; path = Base.lproj/LaunchScreen.storyboard; sourceTree = "<group>"; };
		98AE162E2B5981D100AF5528 /* Info.plist */ = {isa = PBXFileReference; lastKnownFileType = text.plist.xml; path = Info.plist; sourceTree = "<group>"; };
		98AE16342B59821500AF5528 /* FavoritesViewController.swift */ = {isa = PBXFileReference; lastKnownFileType = sourcecode.swift; path = FavoritesViewController.swift; sourceTree = "<group>"; };
		98AE16362B59822100AF5528 /* CategoryViewController.swift */ = {isa = PBXFileReference; lastKnownFileType = sourcecode.swift; path = CategoryViewController.swift; sourceTree = "<group>"; };
		98AE16382B59822E00AF5528 /* GenerateRecipeViewController.swift */ = {isa = PBXFileReference; lastKnownFileType = sourcecode.swift; path = GenerateRecipeViewController.swift; sourceTree = "<group>"; };
		98B0992B2BB047730051E8C3 /* OriginalRecipeCell.swift */ = {isa = PBXFileReference; lastKnownFileType = sourcecode.swift; path = OriginalRecipeCell.swift; sourceTree = "<group>"; };
		98C152BD2B62C96E0028E72C /* RecipeModel.swift */ = {isa = PBXFileReference; lastKnownFileType = sourcecode.swift; path = RecipeModel.swift; sourceTree = "<group>"; };
		98C952722BAC52020011666C /* OriginalRecipeView.swift */ = {isa = PBXFileReference; lastKnownFileType = sourcecode.swift; path = OriginalRecipeView.swift; sourceTree = "<group>"; };
		98C952742BAC638F0011666C /* OriginalRecipeViewModel.swift */ = {isa = PBXFileReference; lastKnownFileType = sourcecode.swift; path = OriginalRecipeViewModel.swift; sourceTree = "<group>"; };
		98C9527A2BAC6D6F0011666C /* buttonView.swift */ = {isa = PBXFileReference; lastKnownFileType = sourcecode.swift; path = buttonView.swift; sourceTree = "<group>"; };
		98C9527C2BAC71B10011666C /* imagePicker.swift */ = {isa = PBXFileReference; lastKnownFileType = sourcecode.swift; path = imagePicker.swift; sourceTree = "<group>"; };
		98CB2FA92B6E480700DCC083 /* RecipeCollectionView.swift */ = {isa = PBXFileReference; lastKnownFileType = sourcecode.swift; path = RecipeCollectionView.swift; sourceTree = "<group>"; };
		98D26B332B71260300BAA30B /* CategoryViewModel.swift */ = {isa = PBXFileReference; lastKnownFileType = sourcecode.swift; path = CategoryViewModel.swift; sourceTree = "<group>"; };
		98D26B352B71269900BAA30B /* CategoryRecipeTableView.swift */ = {isa = PBXFileReference; lastKnownFileType = sourcecode.swift; path = CategoryRecipeTableView.swift; sourceTree = "<group>"; };
		98D26B372B71271B00BAA30B /* CategoryRecipeViewController.swift */ = {isa = PBXFileReference; lastKnownFileType = sourcecode.swift; path = CategoryRecipeViewController.swift; sourceTree = "<group>"; };
		98D26B392B716EEE00BAA30B /* Configuration.swift */ = {isa = PBXFileReference; lastKnownFileType = sourcecode.swift; name = Configuration.swift; path = ../Configuration.swift; sourceTree = "<group>"; };
		98D2DFE12B5AE0BE0062B36C /* RAButton.swift */ = {isa = PBXFileReference; lastKnownFileType = sourcecode.swift; path = RAButton.swift; sourceTree = "<group>"; };
		98D2DFE42B5AE1510062B36C /* RATextField.swift */ = {isa = PBXFileReference; lastKnownFileType = sourcecode.swift; path = RATextField.swift; sourceTree = "<group>"; };
		98D2DFE62B5AE16E0062B36C /* RATitleLabel.swift */ = {isa = PBXFileReference; lastKnownFileType = sourcecode.swift; path = RATitleLabel.swift; sourceTree = "<group>"; };
		98D2DFE82B5AE1850062B36C /* RABodyLabel.swift */ = {isa = PBXFileReference; lastKnownFileType = sourcecode.swift; path = RABodyLabel.swift; sourceTree = "<group>"; };
		98D2DFEA2B5AE1BC0062B36C /* RAAlertView.swift */ = {isa = PBXFileReference; lastKnownFileType = sourcecode.swift; path = RAAlertView.swift; sourceTree = "<group>"; };
		98D43DDB2B61889D00507EAD /* HomeViewModel.swift */ = {isa = PBXFileReference; lastKnownFileType = sourcecode.swift; path = HomeViewModel.swift; sourceTree = "<group>"; };
		98D43DDD2B6188FD00507EAD /* RecipeItemCollectionViewCell.swift */ = {isa = PBXFileReference; lastKnownFileType = sourcecode.swift; path = RecipeItemCollectionViewCell.swift; sourceTree = "<group>"; };
		98D8868E2BC087BA00DAC6D4 /* ShoppingListView.swift */ = {isa = PBXFileReference; lastKnownFileType = sourcecode.swift; path = ShoppingListView.swift; sourceTree = "<group>"; };
		98E4E1F22B9238B800683A11 /* EmptyStateViewController.swift */ = {isa = PBXFileReference; lastKnownFileType = sourcecode.swift; name = EmptyStateViewController.swift; path = ../EmptyStateViewController.swift; sourceTree = "<group>"; };
		98E4E1F42B92392300683A11 /* Animation - 1709293040117.json */ = {isa = PBXFileReference; fileEncoding = 4; lastKnownFileType = text.json; path = "Animation - 1709293040117.json"; sourceTree = "<group>"; };
		98EB0EBC2B719B6C001748AA /* DummyData.swift */ = {isa = PBXFileReference; lastKnownFileType = sourcecode.swift; path = DummyData.swift; sourceTree = "<group>"; };
		98F669102B6A40C8009FF1EF /* StepsView.swift */ = {isa = PBXFileReference; lastKnownFileType = sourcecode.swift; path = StepsView.swift; sourceTree = "<group>"; };
		98F669182B6AB1D7009FF1EF /* FavoriteRecipesCollectionView.swift */ = {isa = PBXFileReference; lastKnownFileType = sourcecode.swift; path = FavoriteRecipesCollectionView.swift; sourceTree = "<group>"; };
		98F8260F2B7419F5001FAFF4 /* OnboardingViewWrapper.swift */ = {isa = PBXFileReference; lastKnownFileType = sourcecode.swift; path = OnboardingViewWrapper.swift; sourceTree = "<group>"; };
		98F826112B741A26001FAFF4 /* OnboardingView.swift */ = {isa = PBXFileReference; lastKnownFileType = sourcecode.swift; path = OnboardingView.swift; sourceTree = "<group>"; };
		98F826132B741A56001FAFF4 /* ScreenView.swift */ = {isa = PBXFileReference; lastKnownFileType = sourcecode.swift; path = ScreenView.swift; sourceTree = "<group>"; };
		98F826152B741AB0001FAFF4 /* PageView.swift */ = {isa = PBXFileReference; lastKnownFileType = sourcecode.swift; path = PageView.swift; sourceTree = "<group>"; };
		98F826172B741B2B001FAFF4 /* OnboardingButton.swift */ = {isa = PBXFileReference; lastKnownFileType = sourcecode.swift; path = OnboardingButton.swift; sourceTree = "<group>"; };
/* End PBXFileReference section */

/* Begin PBXFrameworksBuildPhase section */
		98AE161A2B5981CF00AF5528 /* Frameworks */ = {
			isa = PBXFrameworksBuildPhase;
			buildActionMask = 2147483647;
			files = (
				988DE8132B5D2ED500FA0ABC /* FirebaseAnalyticsSwift in Frameworks */,
				988DE7F22B5D2D3200FA0ABC /* FirebaseFirestore in Frameworks */,
				98D43DE52B6194A500507EAD /* NetworkLayer in Frameworks */,
				988DE7F62B5D2D3200FA0ABC /* FirebaseFirestoreSwift in Frameworks */,
				988DE7E62B5D2D3200FA0ABC /* FirebaseAuth in Frameworks */,
				988DE8112B5D2EC200FA0ABC /* FirebaseAnalytics in Frameworks */,
				988DE80C2B5D2D3200FA0ABC /* FirebaseStorage in Frameworks */,
				98E4E1F12B9233EB00683A11 /* Lottie in Frameworks */,
			);
			runOnlyForDeploymentPostprocessing = 0;
		};
/* End PBXFrameworksBuildPhase section */

/* Begin PBXGroup section */
		980487612B652B8C00B88519 /* Category */ = {
			isa = PBXGroup;
			children = (
				980487642B65429F00B88519 /* CategoryViewCell */,
				980487622B652E4D00B88519 /* CategoryData.swift */,
				98D26B352B71269900BAA30B /* CategoryRecipeTableView.swift */,
				9814711A2BBAF8490070552E /* RecipeItemTableViewCell.swift */,
				98D26B372B71271B00BAA30B /* CategoryRecipeViewController.swift */,
				9804875F2B652A2F00B88519 /* CategoryCollectionView.swift */,
				98AE16362B59822100AF5528 /* CategoryViewController.swift */,
				98D26B332B71260300BAA30B /* CategoryViewModel.swift */,
			);
			path = Category;
			sourceTree = "<group>";
		};
		980487642B65429F00B88519 /* CategoryViewCell */ = {
			isa = PBXGroup;
			children = (
				9804875D2B65274C00B88519 /* CategoryCollectionViewCell.swift */,
			);
			path = CategoryViewCell;
			sourceTree = "<group>";
		};
		9804876A2B65851D00B88519 /* RegistrationModels */ = {
			isa = PBXGroup;
			children = (
				988DE8172B5D335600FA0ABC /* RegisterUserRequest.swift */,
				988DE8192B5D402C00FA0ABC /* LoginUserRequest.swift */,
			);
			path = RegistrationModels;
			sourceTree = "<group>";
		};
		9808EB142BB2F8E300D782B6 /* Original */ = {
			isa = PBXGroup;
			children = (
				98338BC22BAC8CFF004E950A /* OriginalRecipeViewController.swift */,
				98C952742BAC638F0011666C /* OriginalRecipeViewModel.swift */,
				98C952722BAC52020011666C /* OriginalRecipeView.swift */,
				98ABC05F2BB2AF1D00AFC695 /* OriginalRecipeDetailView.swift */,
				9808EB152BB2F90900D782B6 /* CollectionViewCell */,
				982DDEF12BC323B400D54477 /* ProfileView.swift */,
				9826E1942BD416BB00B3FCDD /* FavoritesViewControllerRepresentable.swift */,
			);
			path = Original;
			sourceTree = "<group>";
		};
		9808EB152BB2F90900D782B6 /* CollectionViewCell */ = {
			isa = PBXGroup;
			children = (
				98B0992B2BB047730051E8C3 /* OriginalRecipeCell.swift */,
			);
			path = CollectionViewCell;
			sourceTree = "<group>";
		};
		980BA72F2B60099100AD97E7 /* Register */ = {
			isa = PBXGroup;
			children = (
				9840619E2B5C5DC100A6BFAF /* RegisterViewController.swift */,
				980BA7302B600A3800AD97E7 /* RegisterViewModel.swift */,
			);
			path = Register;
			sourceTree = "<group>";
		};
		981838312B66B43400F13797 /* Generate */ = {
			isa = PBXGroup;
			children = (
				98EB0EBC2B719B6C001748AA /* DummyData.swift */,
				98127D4E2B7264AF0022285F /* DummyRecipeView.swift */,
				98AE16382B59822E00AF5528 /* GenerateRecipeViewController.swift */,
				981838322B66B48200F13797 /* WheelViewWrapper.swift */,
			);
			path = Generate;
			sourceTree = "<group>";
		};
		981838342B66EA7000F13797 /* Favorites */ = {
			isa = PBXGroup;
			children = (
				98AE16342B59821500AF5528 /* FavoritesViewController.swift */,
				98C2CC6B2B7A5B500019D256 /* FavoritesCollectionViewCell */,
			);
			path = Favorites;
			sourceTree = "<group>";
		};
		984019A82B6801D70025D5D3 /* Sounds */ = {
			isa = PBXGroup;
			children = (
				984019A92B6802060025D5D3 /* spinning_sound.mp3 */,
				98AE162B2B5981D100AF5528 /* LaunchScreen.storyboard */,
				98AE16292B5981D100AF5528 /* Assets.xcassets */,
				98E4E1F42B92392300683A11 /* Animation - 1709293040117.json */,
				9808EB162BB2FB8000D782B6 /* Animation - 1711457021878.json */,
				986D97B72BB48F3600AE20F5 /* Animation - 1711560559742.json */,
			);
			path = Sounds;
			sourceTree = "<group>";
		};
		984019B92B692CF70025D5D3 /* RecipeDetail */ = {
			isa = PBXGroup;
			children = (
				981838352B66EAD300F13797 /* RecipeView.swift */,
				984019BA2B692D500025D5D3 /* RecipeDetailView.swift */,
				984019CB2B6931320025D5D3 /* RecipeDetailViewModel.swift */,
				984019CA2B6930FF0025D5D3 /* Views */,
			);
			path = RecipeDetail;
			sourceTree = "<group>";
		};
		984019CA2B6930FF0025D5D3 /* Views */ = {
			isa = PBXGroup;
			children = (
				984019BC2B692D8B0025D5D3 /* ProductView.swift */,
				98F669102B6A40C8009FF1EF /* StepsView.swift */,
				984019C82B692E280025D5D3 /* PickerView.swift */,
				984019BE2B692D9F0025D5D3 /* IngredientCellView.swift */,
				984019C22B692DC80025D5D3 /* ProgressBarView.swift */,
				98D8868E2BC087BA00DAC6D4 /* ShoppingListView.swift */,
				98A9DB2C2BC9950500972814 /* ShoppingListViewModel.swift */,
			);
			path = Views;
			sourceTree = "<group>";
		};
		984061962B5C5CA300A6BFAF /* Managers */ = {
			isa = PBXGroup;
			children = (
				984061942B5C5C7D00A6BFAF /* NavigationCoordinator.swift */,
				98960F682B7798B500667BA2 /* TabBarController.swift */,
				98960F6A2B77AE7900667BA2 /* PersistanceManager.swift */,
				98D26B392B716EEE00BAA30B /* Configuration.swift */,
			);
			path = Managers;
			sourceTree = "<group>";
		};
		984061972B5C5CC900A6BFAF /* App */ = {
			isa = PBXGroup;
			children = (
				98AE16222B5981CF00AF5528 /* SceneDelegate.swift */,
				98AE16202B5981CF00AF5528 /* AppDelegate.swift */,
			);
			path = App;
			sourceTree = "<group>";
		};
		988DE7D52B5D2A2F00FA0ABC /* Firebase */ = {
			isa = PBXGroup;
			children = (
				988DE7D62B5D2C0900FA0ABC /* GoogleService-Info.plist */,
				988DE8142B5D323300FA0ABC /* AuthService.swift */,
				988DE81B2B5D439500FA0ABC /* Validator.swift */,
				98A565892BAF4450009BC302 /* UserManager.swift */,
			);
			path = Firebase;
			sourceTree = "<group>";
		};
		988DE80F2B5D2EC200FA0ABC /* Frameworks */ = {
			isa = PBXGroup;
			children = (
			);
			name = Frameworks;
			sourceTree = "<group>";
		};
		988DE8162B5D333900FA0ABC /* Models */ = {
			isa = PBXGroup;
			children = (
				98C152BD2B62C96E0028E72C /* RecipeModel.swift */,
				9804876A2B65851D00B88519 /* RegistrationModels */,
			);
			path = Models;
			sourceTree = "<group>";
		};
		988DE81D2B5D873400FA0ABC /* Scenes */ = {
			isa = PBXGroup;
			children = (
				98F8260E2B74197F001FAFF4 /* Onboarding */,
				988DE81E2B5D876300FA0ABC /* Login */,
				980BA72F2B60099100AD97E7 /* Register */,
				98D43DDA2B61888000507EAD /* Home */,
				984019B92B692CF70025D5D3 /* RecipeDetail */,
				980487612B652B8C00B88519 /* Category */,
				981838312B66B43400F13797 /* Generate */,
				981838342B66EA7000F13797 /* Favorites */,
				9808EB142BB2F8E300D782B6 /* Original */,
			);
			path = Scenes;
			sourceTree = "<group>";
		};
		988DE81E2B5D876300FA0ABC /* Login */ = {
			isa = PBXGroup;
			children = (
				9840619C2B5C5DA600A6BFAF /* LoginViewController.swift */,
				988DE81F2B5D87A000FA0ABC /* LoginViewModel.swift */,
			);
			path = Login;
			sourceTree = "<group>";
		};
		98AE16142B5981CF00AF5528 = {
			isa = PBXGroup;
			children = (
				98AE161F2B5981CF00AF5528 /* RecipeApplication */,
				98AE161E2B5981CF00AF5528 /* Products */,
				988DE80F2B5D2EC200FA0ABC /* Frameworks */,
			);
			sourceTree = "<group>";
		};
		98AE161E2B5981CF00AF5528 /* Products */ = {
			isa = PBXGroup;
			children = (
				98AE161D2B5981CF00AF5528 /* RecipeApplication.app */,
			);
			name = Products;
			sourceTree = "<group>";
		};
		98AE161F2B5981CF00AF5528 /* RecipeApplication */ = {
			isa = PBXGroup;
			children = (
				984061972B5C5CC900A6BFAF /* App */,
				988DE7D52B5D2A2F00FA0ABC /* Firebase */,
				984061962B5C5CA300A6BFAF /* Managers */,
				988DE8162B5D333900FA0ABC /* Models */,
				988DE81D2B5D873400FA0ABC /* Scenes */,
				98D2DFE32B5AE0C40062B36C /* ReusableComponents */,
				98E4E1F62B92407C00683A11 /* Resources */,
				98AE162E2B5981D100AF5528 /* Info.plist */,
			);
			path = RecipeApplication;
			sourceTree = "<group>";
		};
		98C2CC6B2B7A5B500019D256 /* FavoritesCollectionViewCell */ = {
			isa = PBXGroup;
			children = (
				98F669182B6AB1D7009FF1EF /* FavoriteRecipesCollectionView.swift */,
			);
			path = FavoritesCollectionViewCell;
			sourceTree = "<group>";
		};
		98D2DFE32B5AE0C40062B36C /* ReusableComponents */ = {
			isa = PBXGroup;
			children = (
				98D2DFE12B5AE0BE0062B36C /* RAButton.swift */,
				98C9527A2BAC6D6F0011666C /* buttonView.swift */,
				98D2DFE42B5AE1510062B36C /* RATextField.swift */,
				98D2DFE62B5AE16E0062B36C /* RATitleLabel.swift */,
				98D2DFE82B5AE1850062B36C /* RABodyLabel.swift */,
				98D2DFEA2B5AE1BC0062B36C /* RAAlertView.swift */,
				98E4E1F22B9238B800683A11 /* EmptyStateViewController.swift */,
				98C9527C2BAC71B10011666C /* imagePicker.swift */,
				9875967B2BDC342400F76EEE /* RecipeSearchBar.swift */,
			);
			path = ReusableComponents;
			sourceTree = "<group>";
		};
		98D43DDA2B61888000507EAD /* Home */ = {
			isa = PBXGroup;
			children = (
				98AE16242B5981CF00AF5528 /* HomeViewController.swift */,
				98D43DDB2B61889D00507EAD /* HomeViewModel.swift */,
				98D43DDF2B61890C00507EAD /* CollectionViewCell */,
			);
			path = Home;
			sourceTree = "<group>";
		};
		98D43DDF2B61890C00507EAD /* CollectionViewCell */ = {
			isa = PBXGroup;
			children = (
				98D43DDD2B6188FD00507EAD /* RecipeItemCollectionViewCell.swift */,
				98CB2FA92B6E480700DCC083 /* RecipeCollectionView.swift */,
			);
			path = CollectionViewCell;
			sourceTree = "<group>";
		};
		98E4E1F62B92407C00683A11 /* Resources */ = {
			isa = PBXGroup;
			children = (
				984019A82B6801D70025D5D3 /* Sounds */,
			);
			path = Resources;
			sourceTree = "<group>";
		};
		98F8260E2B74197F001FAFF4 /* Onboarding */ = {
			isa = PBXGroup;
			children = (
				98F8260F2B7419F5001FAFF4 /* OnboardingViewWrapper.swift */,
				98F826112B741A26001FAFF4 /* OnboardingView.swift */,
				98F826172B741B2B001FAFF4 /* OnboardingButton.swift */,
				98F826152B741AB0001FAFF4 /* PageView.swift */,
				98F826132B741A56001FAFF4 /* ScreenView.swift */,
			);
			path = Onboarding;
			sourceTree = "<group>";
		};
/* End PBXGroup section */

/* Begin PBXNativeTarget section */
		98AE161C2B5981CF00AF5528 /* RecipeApplication */ = {
			isa = PBXNativeTarget;
			buildConfigurationList = 98AE16312B5981D100AF5528 /* Build configuration list for PBXNativeTarget "RecipeApplication" */;
			buildPhases = (
				98AE16192B5981CF00AF5528 /* Sources */,
				98AE161A2B5981CF00AF5528 /* Frameworks */,
				98AE161B2B5981CF00AF5528 /* Resources */,
			);
			buildRules = (
			);
			dependencies = (
			);
			name = RecipeApplication;
			packageProductDependencies = (
				988DE7E52B5D2D3200FA0ABC /* FirebaseAuth */,
				988DE7F12B5D2D3200FA0ABC /* FirebaseFirestore */,
				988DE7F52B5D2D3200FA0ABC /* FirebaseFirestoreSwift */,
				988DE80B2B5D2D3200FA0ABC /* FirebaseStorage */,
				988DE8102B5D2EC200FA0ABC /* FirebaseAnalytics */,
				988DE8122B5D2ED500FA0ABC /* FirebaseAnalyticsSwift */,
				98D43DE42B6194A500507EAD /* NetworkLayer */,
				98E4E1F02B9233EB00683A11 /* Lottie */,
			);
			productName = RecipeApplication;
			productReference = 98AE161D2B5981CF00AF5528 /* RecipeApplication.app */;
			productType = "com.apple.product-type.application";
		};
/* End PBXNativeTarget section */

/* Begin PBXProject section */
		98AE16152B5981CF00AF5528 /* Project object */ = {
			isa = PBXProject;
			attributes = {
				BuildIndependentTargetsInParallel = 1;
				LastSwiftUpdateCheck = 1500;
				LastUpgradeCheck = 1500;
				TargetAttributes = {
					98AE161C2B5981CF00AF5528 = {
						CreatedOnToolsVersion = 15.0.1;
					};
				};
			};
			buildConfigurationList = 98AE16182B5981CF00AF5528 /* Build configuration list for PBXProject "RecipeApplication" */;
			compatibilityVersion = "Xcode 14.0";
			developmentRegion = en;
			hasScannedForEncodings = 0;
			knownRegions = (
				en,
				Base,
			);
			mainGroup = 98AE16142B5981CF00AF5528;
			packageReferences = (
				988DE7D82B5D2D3200FA0ABC /* XCRemoteSwiftPackageReference "firebase-ios-sdk" */,
				98D43DE32B6194A500507EAD /* XCRemoteSwiftPackageReference "NetworkLayer" */,
				98E4E1EF2B9233EB00683A11 /* XCRemoteSwiftPackageReference "lottie-ios" */,
			);
			productRefGroup = 98AE161E2B5981CF00AF5528 /* Products */;
			projectDirPath = "";
			projectRoot = "";
			targets = (
				98AE161C2B5981CF00AF5528 /* RecipeApplication */,
			);
		};
/* End PBXProject section */

/* Begin PBXResourcesBuildPhase section */
		98AE161B2B5981CF00AF5528 /* Resources */ = {
			isa = PBXResourcesBuildPhase;
			buildActionMask = 2147483647;
			files = (
				986D97B82BB48F3600AE20F5 /* Animation - 1711560559742.json in Resources */,
				98AE162D2B5981D100AF5528 /* LaunchScreen.storyboard in Resources */,
				98AE162A2B5981D100AF5528 /* Assets.xcassets in Resources */,
				98E4E1F52B92392300683A11 /* Animation - 1709293040117.json in Resources */,
				9808EB172BB2FB8000D782B6 /* Animation - 1711457021878.json in Resources */,
				984019AA2B6802060025D5D3 /* spinning_sound.mp3 in Resources */,
				988DE7D72B5D2C0900FA0ABC /* GoogleService-Info.plist in Resources */,
			);
			runOnlyForDeploymentPostprocessing = 0;
		};
/* End PBXResourcesBuildPhase section */

/* Begin PBXSourcesBuildPhase section */
		98AE16192B5981CF00AF5528 /* Sources */ = {
			isa = PBXSourcesBuildPhase;
			buildActionMask = 2147483647;
			files = (
				98F669192B6AB1D7009FF1EF /* FavoriteRecipesCollectionView.swift in Sources */,
				98127D4F2B7264AF0022285F /* DummyRecipeView.swift in Sources */,
				98D2DFE22B5AE0BE0062B36C /* RAButton.swift in Sources */,
				9826E1952BD416BB00B3FCDD /* FavoritesViewControllerRepresentable.swift in Sources */,
				980487632B652E4D00B88519 /* CategoryData.swift in Sources */,
				981838332B66B48200F13797 /* WheelViewWrapper.swift in Sources */,
				98D26B342B71260300BAA30B /* CategoryViewModel.swift in Sources */,
				98D43DDC2B61889D00507EAD /* HomeViewModel.swift in Sources */,
				98EB0EBD2B719B6C001748AA /* DummyData.swift in Sources */,
				98AE16252B5981CF00AF5528 /* HomeViewController.swift in Sources */,
				98D26B3A2B716EEE00BAA30B /* Configuration.swift in Sources */,
				98C9527B2BAC6D6F0011666C /* buttonView.swift in Sources */,
				981838362B66EAD300F13797 /* RecipeView.swift in Sources */,
				98960F6B2B77AE7900667BA2 /* PersistanceManager.swift in Sources */,
				9840619D2B5C5DA600A6BFAF /* LoginViewController.swift in Sources */,
				98AE16212B5981CF00AF5528 /* AppDelegate.swift in Sources */,
				988DE81A2B5D402C00FA0ABC /* LoginUserRequest.swift in Sources */,
				9804875E2B65274C00B88519 /* CategoryCollectionViewCell.swift in Sources */,
				98D2DFE92B5AE1850062B36C /* RABodyLabel.swift in Sources */,
				982DDEF22BC323B400D54477 /* ProfileView.swift in Sources */,
				9875967C2BDC342400F76EEE /* RecipeSearchBar.swift in Sources */,
				98A5658A2BAF4450009BC302 /* UserManager.swift in Sources */,
				98C952732BAC52020011666C /* OriginalRecipeView.swift in Sources */,
				98D26B362B71269900BAA30B /* CategoryRecipeTableView.swift in Sources */,
				98CB2FAA2B6E480700DCC083 /* RecipeCollectionView.swift in Sources */,
				98B0992C2BB047730051E8C3 /* OriginalRecipeCell.swift in Sources */,
				98AE16372B59822100AF5528 /* CategoryViewController.swift in Sources */,
				984061952B5C5C7D00A6BFAF /* NavigationCoordinator.swift in Sources */,
				9814711B2BBAF8490070552E /* RecipeItemTableViewCell.swift in Sources */,
				98960F692B7798B500667BA2 /* TabBarController.swift in Sources */,
				98AE16392B59822E00AF5528 /* GenerateRecipeViewController.swift in Sources */,
				98C152BE2B62C96E0028E72C /* RecipeModel.swift in Sources */,
				98F826102B7419F5001FAFF4 /* OnboardingViewWrapper.swift in Sources */,
				98D2DFE72B5AE16E0062B36C /* RATitleLabel.swift in Sources */,
				980487602B652A2F00B88519 /* CategoryCollectionView.swift in Sources */,
				98338BC32BAC8CFF004E950A /* OriginalRecipeViewController.swift in Sources */,
				988DE81C2B5D439500FA0ABC /* Validator.swift in Sources */,
				98D26B382B71271B00BAA30B /* CategoryRecipeViewController.swift in Sources */,
				98C9527D2BAC71B10011666C /* imagePicker.swift in Sources */,
				984019BB2B692D500025D5D3 /* RecipeDetailView.swift in Sources */,
				98A9DB2D2BC9950500972814 /* ShoppingListViewModel.swift in Sources */,
				9840619F2B5C5DC100A6BFAF /* RegisterViewController.swift in Sources */,
				98AE16352B59821500AF5528 /* FavoritesViewController.swift in Sources */,
				98D2DFE52B5AE1510062B36C /* RATextField.swift in Sources */,
				984019C32B692DC80025D5D3 /* ProgressBarView.swift in Sources */,
				984019BD2B692D8B0025D5D3 /* ProductView.swift in Sources */,
				988DE8152B5D323300FA0ABC /* AuthService.swift in Sources */,
				98F826122B741A26001FAFF4 /* OnboardingView.swift in Sources */,
				984019CC2B6931320025D5D3 /* RecipeDetailViewModel.swift in Sources */,
				98F826162B741AB0001FAFF4 /* PageView.swift in Sources */,
				980BA7312B600A3800AD97E7 /* RegisterViewModel.swift in Sources */,
				988DE8182B5D335600FA0ABC /* RegisterUserRequest.swift in Sources */,
				98C952752BAC638F0011666C /* OriginalRecipeViewModel.swift in Sources */,
				98ABC0602BB2AF1D00AFC695 /* OriginalRecipeDetailView.swift in Sources */,
				984019C92B692E280025D5D3 /* PickerView.swift in Sources */,
				98D2DFEB2B5AE1BC0062B36C /* RAAlertView.swift in Sources */,
				98E4E1F32B9238B800683A11 /* EmptyStateViewController.swift in Sources */,
				98AE16232B5981CF00AF5528 /* SceneDelegate.swift in Sources */,
				98F826182B741B2B001FAFF4 /* OnboardingButton.swift in Sources */,
				98D43DDE2B6188FD00507EAD /* RecipeItemCollectionViewCell.swift in Sources */,
				98F669112B6A40C8009FF1EF /* StepsView.swift in Sources */,
				988DE8202B5D87A000FA0ABC /* LoginViewModel.swift in Sources */,
				984019BF2B692D9F0025D5D3 /* IngredientCellView.swift in Sources */,
				98D8868F2BC087BA00DAC6D4 /* ShoppingListView.swift in Sources */,
				98F826142B741A56001FAFF4 /* ScreenView.swift in Sources */,
			);
			runOnlyForDeploymentPostprocessing = 0;
		};
/* End PBXSourcesBuildPhase section */

/* Begin PBXVariantGroup section */
		98AE162B2B5981D100AF5528 /* LaunchScreen.storyboard */ = {
			isa = PBXVariantGroup;
			children = (
				98AE162C2B5981D100AF5528 /* Base */,
			);
			name = LaunchScreen.storyboard;
			sourceTree = "<group>";
		};
/* End PBXVariantGroup section */

/* Begin XCBuildConfiguration section */
		98AE162F2B5981D100AF5528 /* Debug */ = {
			isa = XCBuildConfiguration;
			buildSettings = {
				ALWAYS_SEARCH_USER_PATHS = NO;
				ASSETCATALOG_COMPILER_GENERATE_SWIFT_ASSET_SYMBOL_EXTENSIONS = YES;
				CLANG_ANALYZER_NONNULL = YES;
				CLANG_ANALYZER_NUMBER_OBJECT_CONVERSION = YES_AGGRESSIVE;
				CLANG_CXX_LANGUAGE_STANDARD = "gnu++20";
				CLANG_ENABLE_MODULES = YES;
				CLANG_ENABLE_OBJC_ARC = YES;
				CLANG_ENABLE_OBJC_WEAK = YES;
				CLANG_WARN_BLOCK_CAPTURE_AUTORELEASING = YES;
				CLANG_WARN_BOOL_CONVERSION = YES;
				CLANG_WARN_COMMA = YES;
				CLANG_WARN_CONSTANT_CONVERSION = YES;
				CLANG_WARN_DEPRECATED_OBJC_IMPLEMENTATIONS = YES;
				CLANG_WARN_DIRECT_OBJC_ISA_USAGE = YES_ERROR;
				CLANG_WARN_DOCUMENTATION_COMMENTS = YES;
				CLANG_WARN_EMPTY_BODY = YES;
				CLANG_WARN_ENUM_CONVERSION = YES;
				CLANG_WARN_INFINITE_RECURSION = YES;
				CLANG_WARN_INT_CONVERSION = YES;
				CLANG_WARN_NON_LITERAL_NULL_CONVERSION = YES;
				CLANG_WARN_OBJC_IMPLICIT_RETAIN_SELF = YES;
				CLANG_WARN_OBJC_LITERAL_CONVERSION = YES;
				CLANG_WARN_OBJC_ROOT_CLASS = YES_ERROR;
				CLANG_WARN_QUOTED_INCLUDE_IN_FRAMEWORK_HEADER = YES;
				CLANG_WARN_RANGE_LOOP_ANALYSIS = YES;
				CLANG_WARN_STRICT_PROTOTYPES = YES;
				CLANG_WARN_SUSPICIOUS_MOVE = YES;
				CLANG_WARN_UNGUARDED_AVAILABILITY = YES_AGGRESSIVE;
				CLANG_WARN_UNREACHABLE_CODE = YES;
				CLANG_WARN__DUPLICATE_METHOD_MATCH = YES;
				COPY_PHASE_STRIP = NO;
				DEBUG_INFORMATION_FORMAT = dwarf;
				ENABLE_STRICT_OBJC_MSGSEND = YES;
				ENABLE_TESTABILITY = YES;
				ENABLE_USER_SCRIPT_SANDBOXING = YES;
				GCC_C_LANGUAGE_STANDARD = gnu17;
				GCC_DYNAMIC_NO_PIC = NO;
				GCC_NO_COMMON_BLOCKS = YES;
				GCC_OPTIMIZATION_LEVEL = 0;
				GCC_PREPROCESSOR_DEFINITIONS = (
					"DEBUG=1",
					"$(inherited)",
				);
				GCC_WARN_64_TO_32_BIT_CONVERSION = YES;
				GCC_WARN_ABOUT_RETURN_TYPE = YES_ERROR;
				GCC_WARN_UNDECLARED_SELECTOR = YES;
				GCC_WARN_UNINITIALIZED_AUTOS = YES_AGGRESSIVE;
				GCC_WARN_UNUSED_FUNCTION = YES;
				GCC_WARN_UNUSED_VARIABLE = YES;
				IPHONEOS_DEPLOYMENT_TARGET = 16.0;
				LOCALIZATION_PREFERS_STRING_CATALOGS = YES;
				MTL_ENABLE_DEBUG_INFO = INCLUDE_SOURCE;
				MTL_FAST_MATH = YES;
				ONLY_ACTIVE_ARCH = YES;
				SDKROOT = iphoneos;
				SWIFT_ACTIVE_COMPILATION_CONDITIONS = "DEBUG $(inherited)";
				SWIFT_OPTIMIZATION_LEVEL = "-Onone";
			};
			name = Debug;
		};
		98AE16302B5981D100AF5528 /* Release */ = {
			isa = XCBuildConfiguration;
			buildSettings = {
				ALWAYS_SEARCH_USER_PATHS = NO;
				ASSETCATALOG_COMPILER_GENERATE_SWIFT_ASSET_SYMBOL_EXTENSIONS = YES;
				CLANG_ANALYZER_NONNULL = YES;
				CLANG_ANALYZER_NUMBER_OBJECT_CONVERSION = YES_AGGRESSIVE;
				CLANG_CXX_LANGUAGE_STANDARD = "gnu++20";
				CLANG_ENABLE_MODULES = YES;
				CLANG_ENABLE_OBJC_ARC = YES;
				CLANG_ENABLE_OBJC_WEAK = YES;
				CLANG_WARN_BLOCK_CAPTURE_AUTORELEASING = YES;
				CLANG_WARN_BOOL_CONVERSION = YES;
				CLANG_WARN_COMMA = YES;
				CLANG_WARN_CONSTANT_CONVERSION = YES;
				CLANG_WARN_DEPRECATED_OBJC_IMPLEMENTATIONS = YES;
				CLANG_WARN_DIRECT_OBJC_ISA_USAGE = YES_ERROR;
				CLANG_WARN_DOCUMENTATION_COMMENTS = YES;
				CLANG_WARN_EMPTY_BODY = YES;
				CLANG_WARN_ENUM_CONVERSION = YES;
				CLANG_WARN_INFINITE_RECURSION = YES;
				CLANG_WARN_INT_CONVERSION = YES;
				CLANG_WARN_NON_LITERAL_NULL_CONVERSION = YES;
				CLANG_WARN_OBJC_IMPLICIT_RETAIN_SELF = YES;
				CLANG_WARN_OBJC_LITERAL_CONVERSION = YES;
				CLANG_WARN_OBJC_ROOT_CLASS = YES_ERROR;
				CLANG_WARN_QUOTED_INCLUDE_IN_FRAMEWORK_HEADER = YES;
				CLANG_WARN_RANGE_LOOP_ANALYSIS = YES;
				CLANG_WARN_STRICT_PROTOTYPES = YES;
				CLANG_WARN_SUSPICIOUS_MOVE = YES;
				CLANG_WARN_UNGUARDED_AVAILABILITY = YES_AGGRESSIVE;
				CLANG_WARN_UNREACHABLE_CODE = YES;
				CLANG_WARN__DUPLICATE_METHOD_MATCH = YES;
				COPY_PHASE_STRIP = NO;
				DEBUG_INFORMATION_FORMAT = "dwarf-with-dsym";
				ENABLE_NS_ASSERTIONS = NO;
				ENABLE_STRICT_OBJC_MSGSEND = YES;
				ENABLE_USER_SCRIPT_SANDBOXING = YES;
				GCC_C_LANGUAGE_STANDARD = gnu17;
				GCC_NO_COMMON_BLOCKS = YES;
				GCC_WARN_64_TO_32_BIT_CONVERSION = YES;
				GCC_WARN_ABOUT_RETURN_TYPE = YES_ERROR;
				GCC_WARN_UNDECLARED_SELECTOR = YES;
				GCC_WARN_UNINITIALIZED_AUTOS = YES_AGGRESSIVE;
				GCC_WARN_UNUSED_FUNCTION = YES;
				GCC_WARN_UNUSED_VARIABLE = YES;
				IPHONEOS_DEPLOYMENT_TARGET = 16.0;
				LOCALIZATION_PREFERS_STRING_CATALOGS = YES;
				MTL_ENABLE_DEBUG_INFO = NO;
				MTL_FAST_MATH = YES;
				SDKROOT = iphoneos;
				SWIFT_COMPILATION_MODE = wholemodule;
				VALIDATE_PRODUCT = YES;
			};
			name = Release;
		};
		98AE16322B5981D100AF5528 /* Debug */ = {
			isa = XCBuildConfiguration;
			buildSettings = {
				ASSETCATALOG_COMPILER_APPICON_NAME = AppIcon;
				ASSETCATALOG_COMPILER_GLOBAL_ACCENT_COLOR_NAME = AccentColor;
				CODE_SIGN_STYLE = Automatic;
				CURRENT_PROJECT_VERSION = 1;
				DEVELOPMENT_TEAM = 6YYNTH585K;
				GENERATE_INFOPLIST_FILE = YES;
				INFOPLIST_FILE = RecipeApplication/Info.plist;
				INFOPLIST_KEY_UIApplicationSupportsIndirectInputEvents = YES;
				INFOPLIST_KEY_UILaunchStoryboardName = LaunchScreen;
				INFOPLIST_KEY_UISupportedInterfaceOrientations_iPad = "UIInterfaceOrientationPortrait UIInterfaceOrientationPortraitUpsideDown UIInterfaceOrientationLandscapeLeft UIInterfaceOrientationLandscapeRight";
				INFOPLIST_KEY_UISupportedInterfaceOrientations_iPhone = "UIInterfaceOrientationPortrait UIInterfaceOrientationLandscapeLeft UIInterfaceOrientationLandscapeRight";
				LD_RUNPATH_SEARCH_PATHS = (
					"$(inherited)",
					"@executable_path/Frameworks",
				);
				MARKETING_VERSION = 1.0;
				PRODUCT_BUNDLE_IDENTIFIER = ge.academy.objectDetection.RecipeApplication;
				PRODUCT_NAME = "$(TARGET_NAME)";
				SWIFT_EMIT_LOC_STRINGS = YES;
				SWIFT_VERSION = 5.0;
				TARGETED_DEVICE_FAMILY = "1,2";
			};
			name = Debug;
		};
		98AE16332B5981D100AF5528 /* Release */ = {
			isa = XCBuildConfiguration;
			buildSettings = {
				ASSETCATALOG_COMPILER_APPICON_NAME = AppIcon;
				ASSETCATALOG_COMPILER_GLOBAL_ACCENT_COLOR_NAME = AccentColor;
				CODE_SIGN_STYLE = Automatic;
				CURRENT_PROJECT_VERSION = 1;
				DEVELOPMENT_TEAM = 6YYNTH585K;
				GENERATE_INFOPLIST_FILE = YES;
				INFOPLIST_FILE = RecipeApplication/Info.plist;
				INFOPLIST_KEY_UIApplicationSupportsIndirectInputEvents = YES;
				INFOPLIST_KEY_UILaunchStoryboardName = LaunchScreen;
				INFOPLIST_KEY_UISupportedInterfaceOrientations_iPad = "UIInterfaceOrientationPortrait UIInterfaceOrientationPortraitUpsideDown UIInterfaceOrientationLandscapeLeft UIInterfaceOrientationLandscapeRight";
				INFOPLIST_KEY_UISupportedInterfaceOrientations_iPhone = "UIInterfaceOrientationPortrait UIInterfaceOrientationLandscapeLeft UIInterfaceOrientationLandscapeRight";
				LD_RUNPATH_SEARCH_PATHS = (
					"$(inherited)",
					"@executable_path/Frameworks",
				);
				MARKETING_VERSION = 1.0;
				PRODUCT_BUNDLE_IDENTIFIER = ge.academy.objectDetection.RecipeApplication;
				PRODUCT_NAME = "$(TARGET_NAME)";
				SWIFT_EMIT_LOC_STRINGS = YES;
				SWIFT_VERSION = 5.0;
				TARGETED_DEVICE_FAMILY = "1,2";
			};
			name = Release;
		};
/* End XCBuildConfiguration section */

/* Begin XCConfigurationList section */
		98AE16182B5981CF00AF5528 /* Build configuration list for PBXProject "RecipeApplication" */ = {
			isa = XCConfigurationList;
			buildConfigurations = (
				98AE162F2B5981D100AF5528 /* Debug */,
				98AE16302B5981D100AF5528 /* Release */,
			);
			defaultConfigurationIsVisible = 0;
			defaultConfigurationName = Release;
		};
		98AE16312B5981D100AF5528 /* Build configuration list for PBXNativeTarget "RecipeApplication" */ = {
			isa = XCConfigurationList;
			buildConfigurations = (
				98AE16322B5981D100AF5528 /* Debug */,
				98AE16332B5981D100AF5528 /* Release */,
			);
			defaultConfigurationIsVisible = 0;
			defaultConfigurationName = Release;
		};
/* End XCConfigurationList section */

/* Begin XCRemoteSwiftPackageReference section */
		988DE7D82B5D2D3200FA0ABC /* XCRemoteSwiftPackageReference "firebase-ios-sdk" */ = {
			isa = XCRemoteSwiftPackageReference;
			repositoryURL = "https://github.com/firebase/firebase-ios-sdk";
			requirement = {
				kind = upToNextMajorVersion;
				minimumVersion = 10.20.0;
			};
		};
		98D43DE32B6194A500507EAD /* XCRemoteSwiftPackageReference "NetworkLayer" */ = {
			isa = XCRemoteSwiftPackageReference;
			repositoryURL = "https://github.com/likanozadze/NetworkLayer.git";
			requirement = {
				branch = main;
				kind = branch;
			};
		};
		98E4E1EF2B9233EB00683A11 /* XCRemoteSwiftPackageReference "lottie-ios" */ = {
			isa = XCRemoteSwiftPackageReference;
			repositoryURL = "https://github.com/airbnb/lottie-ios.git";
			requirement = {
				kind = upToNextMajorVersion;
				minimumVersion = 4.4.1;
			};
		};
/* End XCRemoteSwiftPackageReference section */

/* Begin XCSwiftPackageProductDependency section */
		988DE7E52B5D2D3200FA0ABC /* FirebaseAuth */ = {
			isa = XCSwiftPackageProductDependency;
			package = 988DE7D82B5D2D3200FA0ABC /* XCRemoteSwiftPackageReference "firebase-ios-sdk" */;
			productName = FirebaseAuth;
		};
		988DE7F12B5D2D3200FA0ABC /* FirebaseFirestore */ = {
			isa = XCSwiftPackageProductDependency;
			package = 988DE7D82B5D2D3200FA0ABC /* XCRemoteSwiftPackageReference "firebase-ios-sdk" */;
			productName = FirebaseFirestore;
		};
		988DE7F52B5D2D3200FA0ABC /* FirebaseFirestoreSwift */ = {
			isa = XCSwiftPackageProductDependency;
			package = 988DE7D82B5D2D3200FA0ABC /* XCRemoteSwiftPackageReference "firebase-ios-sdk" */;
			productName = FirebaseFirestoreSwift;
		};
		988DE80B2B5D2D3200FA0ABC /* FirebaseStorage */ = {
			isa = XCSwiftPackageProductDependency;
			package = 988DE7D82B5D2D3200FA0ABC /* XCRemoteSwiftPackageReference "firebase-ios-sdk" */;
			productName = FirebaseStorage;
		};
		988DE8102B5D2EC200FA0ABC /* FirebaseAnalytics */ = {
			isa = XCSwiftPackageProductDependency;
			package = 988DE7D82B5D2D3200FA0ABC /* XCRemoteSwiftPackageReference "firebase-ios-sdk" */;
			productName = FirebaseAnalytics;
		};
		988DE8122B5D2ED500FA0ABC /* FirebaseAnalyticsSwift */ = {
			isa = XCSwiftPackageProductDependency;
			package = 988DE7D82B5D2D3200FA0ABC /* XCRemoteSwiftPackageReference "firebase-ios-sdk" */;
			productName = FirebaseAnalyticsSwift;
		};
		98D43DE42B6194A500507EAD /* NetworkLayer */ = {
			isa = XCSwiftPackageProductDependency;
			package = 98D43DE32B6194A500507EAD /* XCRemoteSwiftPackageReference "NetworkLayer" */;
			productName = NetworkLayer;
		};
		98E4E1F02B9233EB00683A11 /* Lottie */ = {
			isa = XCSwiftPackageProductDependency;
			package = 98E4E1EF2B9233EB00683A11 /* XCRemoteSwiftPackageReference "lottie-ios" */;
			productName = Lottie;
		};
/* End XCSwiftPackageProductDependency section */
	};
	rootObject = 98AE16152B5981CF00AF5528 /* Project object */;
}
