// !$*UTF8*$!
{
	archiveVersion = 1;
	classes = {
	};
	objectVersion = 56;
	objects = {

/* Begin PBXBuildFile section */
		984061932B5C5B3E00A6BFAF /* RAHeaderView.swift in Sources */ = {isa = PBXBuildFile; fileRef = 984061922B5C5B3E00A6BFAF /* RAHeaderView.swift */; };
		984061952B5C5C7D00A6BFAF /* NavigationCoordinator.swift in Sources */ = {isa = PBXBuildFile; fileRef = 984061942B5C5C7D00A6BFAF /* NavigationCoordinator.swift */; };
		98AE16212B5981CF00AF5528 /* AppDelegate.swift in Sources */ = {isa = PBXBuildFile; fileRef = 98AE16202B5981CF00AF5528 /* AppDelegate.swift */; };
		98AE16232B5981CF00AF5528 /* SceneDelegate.swift in Sources */ = {isa = PBXBuildFile; fileRef = 98AE16222B5981CF00AF5528 /* SceneDelegate.swift */; };
		98AE16252B5981CF00AF5528 /* HomeViewController.swift in Sources */ = {isa = PBXBuildFile; fileRef = 98AE16242B5981CF00AF5528 /* HomeViewController.swift */; };
		98AE162A2B5981D100AF5528 /* Assets.xcassets in Resources */ = {isa = PBXBuildFile; fileRef = 98AE16292B5981D100AF5528 /* Assets.xcassets */; };
		98AE162D2B5981D100AF5528 /* LaunchScreen.storyboard in Resources */ = {isa = PBXBuildFile; fileRef = 98AE162B2B5981D100AF5528 /* LaunchScreen.storyboard */; };
		98AE16352B59821500AF5528 /* ProfileViewController.swift in Sources */ = {isa = PBXBuildFile; fileRef = 98AE16342B59821500AF5528 /* ProfileViewController.swift */; };
		98AE16372B59822100AF5528 /* ShoppingListViewController.swift in Sources */ = {isa = PBXBuildFile; fileRef = 98AE16362B59822100AF5528 /* ShoppingListViewController.swift */; };
		98AE16392B59822E00AF5528 /* GenerateRecipeViewController.swift in Sources */ = {isa = PBXBuildFile; fileRef = 98AE16382B59822E00AF5528 /* GenerateRecipeViewController.swift */; };
		98D2DFDF2B5ADF680062B36C /* ColorExtensionView.swift in Sources */ = {isa = PBXBuildFile; fileRef = 98D2DFDE2B5ADF680062B36C /* ColorExtensionView.swift */; };
		98D2DFE22B5AE0BE0062B36C /* RAButton.swift in Sources */ = {isa = PBXBuildFile; fileRef = 98D2DFE12B5AE0BE0062B36C /* RAButton.swift */; };
		98D2DFE52B5AE1510062B36C /* RATextField.swift in Sources */ = {isa = PBXBuildFile; fileRef = 98D2DFE42B5AE1510062B36C /* RATextField.swift */; };
		98D2DFE72B5AE16E0062B36C /* RATitleLabel.swift in Sources */ = {isa = PBXBuildFile; fileRef = 98D2DFE62B5AE16E0062B36C /* RATitleLabel.swift */; };
		98D2DFE92B5AE1850062B36C /* RABodyLabel.swift in Sources */ = {isa = PBXBuildFile; fileRef = 98D2DFE82B5AE1850062B36C /* RABodyLabel.swift */; };
		98D2DFEB2B5AE1BC0062B36C /* RAAlertView.swift in Sources */ = {isa = PBXBuildFile; fileRef = 98D2DFEA2B5AE1BC0062B36C /* RAAlertView.swift */; };
/* End PBXBuildFile section */

/* Begin PBXFileReference section */
		984061922B5C5B3E00A6BFAF /* RAHeaderView.swift */ = {isa = PBXFileReference; lastKnownFileType = sourcecode.swift; path = RAHeaderView.swift; sourceTree = "<group>"; };
		984061942B5C5C7D00A6BFAF /* NavigationCoordinator.swift */ = {isa = PBXFileReference; lastKnownFileType = sourcecode.swift; path = NavigationCoordinator.swift; sourceTree = "<group>"; };
		98AE161D2B5981CF00AF5528 /* RecipeApplication.app */ = {isa = PBXFileReference; explicitFileType = wrapper.application; includeInIndex = 0; path = RecipeApplication.app; sourceTree = BUILT_PRODUCTS_DIR; };
		98AE16202B5981CF00AF5528 /* AppDelegate.swift */ = {isa = PBXFileReference; lastKnownFileType = sourcecode.swift; path = AppDelegate.swift; sourceTree = "<group>"; };
		98AE16222B5981CF00AF5528 /* SceneDelegate.swift */ = {isa = PBXFileReference; lastKnownFileType = sourcecode.swift; path = SceneDelegate.swift; sourceTree = "<group>"; };
		98AE16242B5981CF00AF5528 /* HomeViewController.swift */ = {isa = PBXFileReference; lastKnownFileType = sourcecode.swift; path = HomeViewController.swift; sourceTree = "<group>"; };
		98AE16292B5981D100AF5528 /* Assets.xcassets */ = {isa = PBXFileReference; lastKnownFileType = folder.assetcatalog; path = Assets.xcassets; sourceTree = "<group>"; };
		98AE162C2B5981D100AF5528 /* Base */ = {isa = PBXFileReference; lastKnownFileType = file.storyboard; name = Base; path = Base.lproj/LaunchScreen.storyboard; sourceTree = "<group>"; };
		98AE162E2B5981D100AF5528 /* Info.plist */ = {isa = PBXFileReference; lastKnownFileType = text.plist.xml; path = Info.plist; sourceTree = "<group>"; };
		98AE16342B59821500AF5528 /* ProfileViewController.swift */ = {isa = PBXFileReference; lastKnownFileType = sourcecode.swift; path = ProfileViewController.swift; sourceTree = "<group>"; };
		98AE16362B59822100AF5528 /* ShoppingListViewController.swift */ = {isa = PBXFileReference; lastKnownFileType = sourcecode.swift; path = ShoppingListViewController.swift; sourceTree = "<group>"; };
		98AE16382B59822E00AF5528 /* GenerateRecipeViewController.swift */ = {isa = PBXFileReference; lastKnownFileType = sourcecode.swift; path = GenerateRecipeViewController.swift; sourceTree = "<group>"; };
		98D2DFDE2B5ADF680062B36C /* ColorExtensionView.swift */ = {isa = PBXFileReference; lastKnownFileType = sourcecode.swift; path = ColorExtensionView.swift; sourceTree = "<group>"; };
		98D2DFE12B5AE0BE0062B36C /* RAButton.swift */ = {isa = PBXFileReference; lastKnownFileType = sourcecode.swift; path = RAButton.swift; sourceTree = "<group>"; };
		98D2DFE42B5AE1510062B36C /* RATextField.swift */ = {isa = PBXFileReference; lastKnownFileType = sourcecode.swift; path = RATextField.swift; sourceTree = "<group>"; };
		98D2DFE62B5AE16E0062B36C /* RATitleLabel.swift */ = {isa = PBXFileReference; lastKnownFileType = sourcecode.swift; path = RATitleLabel.swift; sourceTree = "<group>"; };
		98D2DFE82B5AE1850062B36C /* RABodyLabel.swift */ = {isa = PBXFileReference; lastKnownFileType = sourcecode.swift; path = RABodyLabel.swift; sourceTree = "<group>"; };
		98D2DFEA2B5AE1BC0062B36C /* RAAlertView.swift */ = {isa = PBXFileReference; lastKnownFileType = sourcecode.swift; path = RAAlertView.swift; sourceTree = "<group>"; };
/* End PBXFileReference section */

/* Begin PBXFrameworksBuildPhase section */
		98AE161A2B5981CF00AF5528 /* Frameworks */ = {
			isa = PBXFrameworksBuildPhase;
			buildActionMask = 2147483647;
			files = (
			);
			runOnlyForDeploymentPostprocessing = 0;
		};
/* End PBXFrameworksBuildPhase section */

/* Begin PBXGroup section */
		984061962B5C5CA300A6BFAF /* Coordinator */ = {
			isa = PBXGroup;
			children = (
				984061942B5C5C7D00A6BFAF /* NavigationCoordinator.swift */,
			);
			path = Coordinator;
			sourceTree = "<group>";
		};
		984061972B5C5CC900A6BFAF /* App */ = {
			isa = PBXGroup;
			children = (
				98AE16222B5981CF00AF5528 /* SceneDelegate.swift */,
				98AE16202B5981CF00AF5528 /* AppDelegate.swift */,
			);
			path = App;
			sourceTree = "<group>";
		};
		98AE16142B5981CF00AF5528 = {
			isa = PBXGroup;
			children = (
				98AE161F2B5981CF00AF5528 /* RecipeApplication */,
				98AE161E2B5981CF00AF5528 /* Products */,
			);
			sourceTree = "<group>";
		};
		98AE161E2B5981CF00AF5528 /* Products */ = {
			isa = PBXGroup;
			children = (
				98AE161D2B5981CF00AF5528 /* RecipeApplication.app */,
			);
			name = Products;
			sourceTree = "<group>";
		};
		98AE161F2B5981CF00AF5528 /* RecipeApplication */ = {
			isa = PBXGroup;
			children = (
				984061972B5C5CC900A6BFAF /* App */,
				98AE16242B5981CF00AF5528 /* HomeViewController.swift */,
				98AE16362B59822100AF5528 /* ShoppingListViewController.swift */,
				98AE16382B59822E00AF5528 /* GenerateRecipeViewController.swift */,
				98AE16342B59821500AF5528 /* ProfileViewController.swift */,
				984061962B5C5CA300A6BFAF /* Coordinator */,
				98D2DFE02B5ADF710062B36C /* Extension */,
				98D2DFE32B5AE0C40062B36C /* ReusableComponents */,
				98AE16292B5981D100AF5528 /* Assets.xcassets */,
				98AE162B2B5981D100AF5528 /* LaunchScreen.storyboard */,
				98AE162E2B5981D100AF5528 /* Info.plist */,
			);
			path = RecipeApplication;
			sourceTree = "<group>";
		};
		98D2DFE02B5ADF710062B36C /* Extension */ = {
			isa = PBXGroup;
			children = (
				98D2DFDE2B5ADF680062B36C /* ColorExtensionView.swift */,
			);
			path = Extension;
			sourceTree = "<group>";
		};
		98D2DFE32B5AE0C40062B36C /* ReusableComponents */ = {
			isa = PBXGroup;
			children = (
				98D2DFE12B5AE0BE0062B36C /* RAButton.swift */,
				984061922B5C5B3E00A6BFAF /* RAHeaderView.swift */,
				98D2DFE42B5AE1510062B36C /* RATextField.swift */,
				98D2DFE62B5AE16E0062B36C /* RATitleLabel.swift */,
				98D2DFE82B5AE1850062B36C /* RABodyLabel.swift */,
				98D2DFEA2B5AE1BC0062B36C /* RAAlertView.swift */,
			);
			path = ReusableComponents;
			sourceTree = "<group>";
		};
/* End PBXGroup section */

/* Begin PBXNativeTarget section */
		98AE161C2B5981CF00AF5528 /* RecipeApplication */ = {
			isa = PBXNativeTarget;
			buildConfigurationList = 98AE16312B5981D100AF5528 /* Build configuration list for PBXNativeTarget "RecipeApplication" */;
			buildPhases = (
				98AE16192B5981CF00AF5528 /* Sources */,
				98AE161A2B5981CF00AF5528 /* Frameworks */,
				98AE161B2B5981CF00AF5528 /* Resources */,
			);
			buildRules = (
			);
			dependencies = (
			);
			name = RecipeApplication;
			productName = RecipeApplication;
			productReference = 98AE161D2B5981CF00AF5528 /* RecipeApplication.app */;
			productType = "com.apple.product-type.application";
		};
/* End PBXNativeTarget section */

/* Begin PBXProject section */
		98AE16152B5981CF00AF5528 /* Project object */ = {
			isa = PBXProject;
			attributes = {
				BuildIndependentTargetsInParallel = 1;
				LastSwiftUpdateCheck = 1500;
				LastUpgradeCheck = 1500;
				TargetAttributes = {
					98AE161C2B5981CF00AF5528 = {
						CreatedOnToolsVersion = 15.0.1;
					};
				};
			};
			buildConfigurationList = 98AE16182B5981CF00AF5528 /* Build configuration list for PBXProject "RecipeApplication" */;
			compatibilityVersion = "Xcode 14.0";
			developmentRegion = en;
			hasScannedForEncodings = 0;
			knownRegions = (
				en,
				Base,
			);
			mainGroup = 98AE16142B5981CF00AF5528;
			productRefGroup = 98AE161E2B5981CF00AF5528 /* Products */;
			projectDirPath = "";
			projectRoot = "";
			targets = (
				98AE161C2B5981CF00AF5528 /* RecipeApplication */,
			);
		};
/* End PBXProject section */

/* Begin PBXResourcesBuildPhase section */
		98AE161B2B5981CF00AF5528 /* Resources */ = {
			isa = PBXResourcesBuildPhase;
			buildActionMask = 2147483647;
			files = (
				98AE162D2B5981D100AF5528 /* LaunchScreen.storyboard in Resources */,
				98AE162A2B5981D100AF5528 /* Assets.xcassets in Resources */,
			);
			runOnlyForDeploymentPostprocessing = 0;
		};
/* End PBXResourcesBuildPhase section */

/* Begin PBXSourcesBuildPhase section */
		98AE16192B5981CF00AF5528 /* Sources */ = {
			isa = PBXSourcesBuildPhase;
			buildActionMask = 2147483647;
			files = (
				98D2DFE22B5AE0BE0062B36C /* RAButton.swift in Sources */,
				984061932B5C5B3E00A6BFAF /* RAHeaderView.swift in Sources */,
				98AE16252B5981CF00AF5528 /* HomeViewController.swift in Sources */,
				98AE16212B5981CF00AF5528 /* AppDelegate.swift in Sources */,
				98D2DFE92B5AE1850062B36C /* RABodyLabel.swift in Sources */,
				98AE16372B59822100AF5528 /* ShoppingListViewController.swift in Sources */,
				984061952B5C5C7D00A6BFAF /* NavigationCoordinator.swift in Sources */,
				98AE16392B59822E00AF5528 /* GenerateRecipeViewController.swift in Sources */,
				98D2DFDF2B5ADF680062B36C /* ColorExtensionView.swift in Sources */,
				98D2DFE72B5AE16E0062B36C /* RATitleLabel.swift in Sources */,
				98AE16352B59821500AF5528 /* ProfileViewController.swift in Sources */,
				98D2DFE52B5AE1510062B36C /* RATextField.swift in Sources */,
				98D2DFEB2B5AE1BC0062B36C /* RAAlertView.swift in Sources */,
				98AE16232B5981CF00AF5528 /* SceneDelegate.swift in Sources */,
			);
			runOnlyForDeploymentPostprocessing = 0;
		};
/* End PBXSourcesBuildPhase section */

/* Begin PBXVariantGroup section */
		98AE162B2B5981D100AF5528 /* LaunchScreen.storyboard */ = {
			isa = PBXVariantGroup;
			children = (
				98AE162C2B5981D100AF5528 /* Base */,
			);
			name = LaunchScreen.storyboard;
			sourceTree = "<group>";
		};
/* End PBXVariantGroup section */

/* Begin XCBuildConfiguration section */
		98AE162F2B5981D100AF5528 /* Debug */ = {
			isa = XCBuildConfiguration;
			buildSettings = {
				ALWAYS_SEARCH_USER_PATHS = NO;
				ASSETCATALOG_COMPILER_GENERATE_SWIFT_ASSET_SYMBOL_EXTENSIONS = YES;
				CLANG_ANALYZER_NONNULL = YES;
				CLANG_ANALYZER_NUMBER_OBJECT_CONVERSION = YES_AGGRESSIVE;
				CLANG_CXX_LANGUAGE_STANDARD = "gnu++20";
				CLANG_ENABLE_MODULES = YES;
				CLANG_ENABLE_OBJC_ARC = YES;
				CLANG_ENABLE_OBJC_WEAK = YES;
				CLANG_WARN_BLOCK_CAPTURE_AUTORELEASING = YES;
				CLANG_WARN_BOOL_CONVERSION = YES;
				CLANG_WARN_COMMA = YES;
				CLANG_WARN_CONSTANT_CONVERSION = YES;
				CLANG_WARN_DEPRECATED_OBJC_IMPLEMENTATIONS = YES;
				CLANG_WARN_DIRECT_OBJC_ISA_USAGE = YES_ERROR;
				CLANG_WARN_DOCUMENTATION_COMMENTS = YES;
				CLANG_WARN_EMPTY_BODY = YES;
				CLANG_WARN_ENUM_CONVERSION = YES;
				CLANG_WARN_INFINITE_RECURSION = YES;
				CLANG_WARN_INT_CONVERSION = YES;
				CLANG_WARN_NON_LITERAL_NULL_CONVERSION = YES;
				CLANG_WARN_OBJC_IMPLICIT_RETAIN_SELF = YES;
				CLANG_WARN_OBJC_LITERAL_CONVERSION = YES;
				CLANG_WARN_OBJC_ROOT_CLASS = YES_ERROR;
				CLANG_WARN_QUOTED_INCLUDE_IN_FRAMEWORK_HEADER = YES;
				CLANG_WARN_RANGE_LOOP_ANALYSIS = YES;
				CLANG_WARN_STRICT_PROTOTYPES = YES;
				CLANG_WARN_SUSPICIOUS_MOVE = YES;
				CLANG_WARN_UNGUARDED_AVAILABILITY = YES_AGGRESSIVE;
				CLANG_WARN_UNREACHABLE_CODE = YES;
				CLANG_WARN__DUPLICATE_METHOD_MATCH = YES;
				COPY_PHASE_STRIP = NO;
				DEBUG_INFORMATION_FORMAT = dwarf;
				ENABLE_STRICT_OBJC_MSGSEND = YES;
				ENABLE_TESTABILITY = YES;
				ENABLE_USER_SCRIPT_SANDBOXING = YES;
				GCC_C_LANGUAGE_STANDARD = gnu17;
				GCC_DYNAMIC_NO_PIC = NO;
				GCC_NO_COMMON_BLOCKS = YES;
				GCC_OPTIMIZATION_LEVEL = 0;
				GCC_PREPROCESSOR_DEFINITIONS = (
					"DEBUG=1",
					"$(inherited)",
				);
				GCC_WARN_64_TO_32_BIT_CONVERSION = YES;
				GCC_WARN_ABOUT_RETURN_TYPE = YES_ERROR;
				GCC_WARN_UNDECLARED_SELECTOR = YES;
				GCC_WARN_UNINITIALIZED_AUTOS = YES_AGGRESSIVE;
				GCC_WARN_UNUSED_FUNCTION = YES;
				GCC_WARN_UNUSED_VARIABLE = YES;
				IPHONEOS_DEPLOYMENT_TARGET = 16.0;
				LOCALIZATION_PREFERS_STRING_CATALOGS = YES;
				MTL_ENABLE_DEBUG_INFO = INCLUDE_SOURCE;
				MTL_FAST_MATH = YES;
				ONLY_ACTIVE_ARCH = YES;
				SDKROOT = iphoneos;
				SWIFT_ACTIVE_COMPILATION_CONDITIONS = "DEBUG $(inherited)";
				SWIFT_OPTIMIZATION_LEVEL = "-Onone";
			};
			name = Debug;
		};
		98AE16302B5981D100AF5528 /* Release */ = {
			isa = XCBuildConfiguration;
			buildSettings = {
				ALWAYS_SEARCH_USER_PATHS = NO;
				ASSETCATALOG_COMPILER_GENERATE_SWIFT_ASSET_SYMBOL_EXTENSIONS = YES;
				CLANG_ANALYZER_NONNULL = YES;
				CLANG_ANALYZER_NUMBER_OBJECT_CONVERSION = YES_AGGRESSIVE;
				CLANG_CXX_LANGUAGE_STANDARD = "gnu++20";
				CLANG_ENABLE_MODULES = YES;
				CLANG_ENABLE_OBJC_ARC = YES;
				CLANG_ENABLE_OBJC_WEAK = YES;
				CLANG_WARN_BLOCK_CAPTURE_AUTORELEASING = YES;
				CLANG_WARN_BOOL_CONVERSION = YES;
				CLANG_WARN_COMMA = YES;
				CLANG_WARN_CONSTANT_CONVERSION = YES;
				CLANG_WARN_DEPRECATED_OBJC_IMPLEMENTATIONS = YES;
				CLANG_WARN_DIRECT_OBJC_ISA_USAGE = YES_ERROR;
				CLANG_WARN_DOCUMENTATION_COMMENTS = YES;
				CLANG_WARN_EMPTY_BODY = YES;
				CLANG_WARN_ENUM_CONVERSION = YES;
				CLANG_WARN_INFINITE_RECURSION = YES;
				CLANG_WARN_INT_CONVERSION = YES;
				CLANG_WARN_NON_LITERAL_NULL_CONVERSION = YES;
				CLANG_WARN_OBJC_IMPLICIT_RETAIN_SELF = YES;
				CLANG_WARN_OBJC_LITERAL_CONVERSION = YES;
				CLANG_WARN_OBJC_ROOT_CLASS = YES_ERROR;
				CLANG_WARN_QUOTED_INCLUDE_IN_FRAMEWORK_HEADER = YES;
				CLANG_WARN_RANGE_LOOP_ANALYSIS = YES;
				CLANG_WARN_STRICT_PROTOTYPES = YES;
				CLANG_WARN_SUSPICIOUS_MOVE = YES;
				CLANG_WARN_UNGUARDED_AVAILABILITY = YES_AGGRESSIVE;
				CLANG_WARN_UNREACHABLE_CODE = YES;
				CLANG_WARN__DUPLICATE_METHOD_MATCH = YES;
				COPY_PHASE_STRIP = NO;
				DEBUG_INFORMATION_FORMAT = "dwarf-with-dsym";
				ENABLE_NS_ASSERTIONS = NO;
				ENABLE_STRICT_OBJC_MSGSEND = YES;
				ENABLE_USER_SCRIPT_SANDBOXING = YES;
				GCC_C_LANGUAGE_STANDARD = gnu17;
				GCC_NO_COMMON_BLOCKS = YES;
				GCC_WARN_64_TO_32_BIT_CONVERSION = YES;
				GCC_WARN_ABOUT_RETURN_TYPE = YES_ERROR;
				GCC_WARN_UNDECLARED_SELECTOR = YES;
				GCC_WARN_UNINITIALIZED_AUTOS = YES_AGGRESSIVE;
				GCC_WARN_UNUSED_FUNCTION = YES;
				GCC_WARN_UNUSED_VARIABLE = YES;
				IPHONEOS_DEPLOYMENT_TARGET = 16.0;
				LOCALIZATION_PREFERS_STRING_CATALOGS = YES;
				MTL_ENABLE_DEBUG_INFO = NO;
				MTL_FAST_MATH = YES;
				SDKROOT = iphoneos;
				SWIFT_COMPILATION_MODE = wholemodule;
				VALIDATE_PRODUCT = YES;
			};
			name = Release;
		};
		98AE16322B5981D100AF5528 /* Debug */ = {
			isa = XCBuildConfiguration;
			buildSettings = {
				ASSETCATALOG_COMPILER_APPICON_NAME = AppIcon;
				ASSETCATALOG_COMPILER_GLOBAL_ACCENT_COLOR_NAME = AccentColor;
				CODE_SIGN_STYLE = Automatic;
				CURRENT_PROJECT_VERSION = 1;
				GENERATE_INFOPLIST_FILE = YES;
				INFOPLIST_FILE = RecipeApplication/Info.plist;
				INFOPLIST_KEY_UIApplicationSupportsIndirectInputEvents = YES;
				INFOPLIST_KEY_UILaunchStoryboardName = LaunchScreen;
				INFOPLIST_KEY_UISupportedInterfaceOrientations_iPad = "UIInterfaceOrientationPortrait UIInterfaceOrientationPortraitUpsideDown UIInterfaceOrientationLandscapeLeft UIInterfaceOrientationLandscapeRight";
				INFOPLIST_KEY_UISupportedInterfaceOrientations_iPhone = "UIInterfaceOrientationPortrait UIInterfaceOrientationLandscapeLeft UIInterfaceOrientationLandscapeRight";
				LD_RUNPATH_SEARCH_PATHS = (
					"$(inherited)",
					"@executable_path/Frameworks",
				);
				MARKETING_VERSION = 1.0;
				PRODUCT_BUNDLE_IDENTIFIER = ge.academy.objectDetection.RecipeApplication;
				PRODUCT_NAME = "$(TARGET_NAME)";
				SWIFT_EMIT_LOC_STRINGS = YES;
				SWIFT_VERSION = 5.0;
				TARGETED_DEVICE_FAMILY = "1,2";
			};
			name = Debug;
		};
		98AE16332B5981D100AF5528 /* Release */ = {
			isa = XCBuildConfiguration;
			buildSettings = {
				ASSETCATALOG_COMPILER_APPICON_NAME = AppIcon;
				ASSETCATALOG_COMPILER_GLOBAL_ACCENT_COLOR_NAME = AccentColor;
				CODE_SIGN_STYLE = Automatic;
				CURRENT_PROJECT_VERSION = 1;
				GENERATE_INFOPLIST_FILE = YES;
				INFOPLIST_FILE = RecipeApplication/Info.plist;
				INFOPLIST_KEY_UIApplicationSupportsIndirectInputEvents = YES;
				INFOPLIST_KEY_UILaunchStoryboardName = LaunchScreen;
				INFOPLIST_KEY_UISupportedInterfaceOrientations_iPad = "UIInterfaceOrientationPortrait UIInterfaceOrientationPortraitUpsideDown UIInterfaceOrientationLandscapeLeft UIInterfaceOrientationLandscapeRight";
				INFOPLIST_KEY_UISupportedInterfaceOrientations_iPhone = "UIInterfaceOrientationPortrait UIInterfaceOrientationLandscapeLeft UIInterfaceOrientationLandscapeRight";
				LD_RUNPATH_SEARCH_PATHS = (
					"$(inherited)",
					"@executable_path/Frameworks",
				);
				MARKETING_VERSION = 1.0;
				PRODUCT_BUNDLE_IDENTIFIER = ge.academy.objectDetection.RecipeApplication;
				PRODUCT_NAME = "$(TARGET_NAME)";
				SWIFT_EMIT_LOC_STRINGS = YES;
				SWIFT_VERSION = 5.0;
				TARGETED_DEVICE_FAMILY = "1,2";
			};
			name = Release;
		};
/* End XCBuildConfiguration section */

/* Begin XCConfigurationList section */
		98AE16182B5981CF00AF5528 /* Build configuration list for PBXProject "RecipeApplication" */ = {
			isa = XCConfigurationList;
			buildConfigurations = (
				98AE162F2B5981D100AF5528 /* Debug */,
				98AE16302B5981D100AF5528 /* Release */,
			);
			defaultConfigurationIsVisible = 0;
			defaultConfigurationName = Release;
		};
		98AE16312B5981D100AF5528 /* Build configuration list for PBXNativeTarget "RecipeApplication" */ = {
			isa = XCConfigurationList;
			buildConfigurations = (
				98AE16322B5981D100AF5528 /* Debug */,
				98AE16332B5981D100AF5528 /* Release */,
			);
			defaultConfigurationIsVisible = 0;
			defaultConfigurationName = Release;
		};
/* End XCConfigurationList section */
	};
	rootObject = 98AE16152B5981CF00AF5528 /* Project object */;
}
